<?xml version="1.0" encoding="utf-8"?>
<Project xmlns="http://schemas.microsoft.com/developer/msbuild/2003">
  <ItemGroup>
    <Filter Include="Generated Files">
      <UniqueIdentifier>{71ED8ED8-ACB9-4CE9-BBE1-E00B30144E11}</UniqueIdentifier>
      <Extensions>cpp;c;cxx;moc;h;def;odl;idl;res;</Extensions>
    </Filter>
    <Filter Include="Generated Files">
      <UniqueIdentifier>{71ED8ED8-ACB9-4CE9-BBE1-E00B30144E11}</UniqueIdentifier>
      <Extensions>cpp;c;cxx;moc;h;def;odl;idl;res;</Extensions>
    </Filter>
    <Filter Include="Header Files">
      <UniqueIdentifier>{93995380-89BD-4b04-88EB-625FBE52EBFB}</UniqueIdentifier>
      <Extensions>h;hpp;hxx;hm;inl;inc;xsd</Extensions>
    </Filter>
    <Filter Include="Header Files">
      <UniqueIdentifier>{93995380-89BD-4b04-88EB-625FBE52EBFB}</UniqueIdentifier>
      <Extensions>h;hpp;hxx;hm;inl;inc;xsd</Extensions>
    </Filter>
    <Filter Include="Resource Files">
      <UniqueIdentifier>{D9D6E242-F8AF-46E4-B9FD-80ECBC20BA3E}</UniqueIdentifier>
      <Extensions>qrc;*</Extensions>
      <ParseFiles>false</ParseFiles>
    </Filter>
    <Filter Include="Resource Files">
      <UniqueIdentifier>{D9D6E242-F8AF-46E4-B9FD-80ECBC20BA3E}</UniqueIdentifier>
      <Extensions>qrc;*</Extensions>
      <ParseFiles>false</ParseFiles>
    </Filter>
    <Filter Include="Source Files">
      <UniqueIdentifier>{4FC737F1-C7A5-4376-A066-2A32D752A2FF}</UniqueIdentifier>
      <Extensions>cpp;c;cxx;def;odl;idl;hpj;bat;asm;asmx</Extensions>
    </Filter>
    <Filter Include="Source Files">
      <UniqueIdentifier>{4FC737F1-C7A5-4376-A066-2A32D752A2FF}</UniqueIdentifier>
      <Extensions>cpp;c;cxx;def;odl;idl;hpj;bat;asm;asmx</Extensions>
    </Filter>
    <Filter Include="Overlay Files">
      <UniqueIdentifier>{d826b16c-c704-423c-98ae-e0ae377332d5}</UniqueIdentifier>
    </Filter>
  </ItemGroup>
  <ItemGroup>
    <ClCompile Include="Logging.cpp">
      <Filter>Source Files</Filter>
    </ClCompile>
    <ClCompile Include="Settings.cpp">
      <Filter>Source Files</Filter>
    </ClCompile>
    <ClCompile Include="buttonHandlers.cpp">
      <Filter>Source Files</Filter>
    </ClCompile>
    <ClCompile Include="getVariable.cpp">
      <Filter>Source Files</Filter>
    </ClCompile>
    <ClCompile Include="runtimeConfig.cpp">
      <Filter>Source Files</Filter>
    </ClCompile>
    <ClCompile Include="KinectToVR.cpp">
      <Filter>Source Files</Filter>
    </ClCompile>
    <ClCompile Include="ivrinput.cpp">
      <Filter>Overlay Files</Filter>
    </ClCompile>
    <ClCompile Include="openvr_init.cpp">
      <Filter>Overlay Files</Filter>
    </ClCompile>
    <ClCompile Include="overlaycontroller.cpp">
      <Filter>Overlay Files</Filter>
    </ClCompile>
    <ClCompile Include="update_rate.cpp">
      <Filter>Overlay Files</Filter>
    </ClCompile>
    <ClCompile Include="paths.cpp">
      <Filter>Overlay Files</Filter>
    </ClCompile>
  </ItemGroup>
  <ItemGroup>
    <ClInclude Include="KinectToVR.h">
      <Filter>Header Files</Filter>
    </ClInclude>
    <ClInclude Include="Logging.h">
      <Filter>Header Files</Filter>
    </ClInclude>
    <ClInclude Include="Settings.h">
      <Filter>Header Files</Filter>
    </ClInclude>
    <ClInclude Include="boost_serialization_eigen.h">
      <Filter>Header Files</Filter>
    </ClInclude>
    <QtMoc Include="buttonHandlers.h">
      <Filter>Header Files</Filter>
    </QtMoc>
    <QtMoc Include="getVariable.h">
      <Filter>Header Files</Filter>
    </QtMoc>
    <ClInclude Include="runtimeConfig.h">
      <Filter>Header Files</Filter>
    </ClInclude>
    <ClInclude Include="ivrinput.h">
      <Filter>Overlay Files</Filter>
    </ClInclude>
    <ClInclude Include="ivrinput_action.h">
      <Filter>Overlay Files</Filter>
    </ClInclude>
    <ClInclude Include="ivrinput_action_set.h">
      <Filter>Overlay Files</Filter>
    </ClInclude>
    <ClInclude Include="ivrinput_input_source.h">
      <Filter>Overlay Files</Filter>
    </ClInclude>
    <ClInclude Include="ivrinput_manifest.h">
      <Filter>Overlay Files</Filter>
    </ClInclude>
    <ClInclude Include="openvr_init.h">
      <Filter>Overlay Files</Filter>
    </ClInclude>
    <ClInclude Include="update_rate.h">
      <Filter>Overlay Files</Filter>
    </ClInclude>
    <ClInclude Include="paths.h">
      <Filter>Overlay Files</Filter>
    </ClInclude>
  </ItemGroup>
  <ItemGroup>
    <CustomBuild Include="debug\moc_predefs.h.cbt">
      <Filter>Generated Files</Filter>
    </CustomBuild>
    <CustomBuild Include="release\moc_predefs.h.cbt">
      <Filter>Generated Files</Filter>
    </CustomBuild>
  </ItemGroup>
  <ItemGroup>
    <None Include="Group-15.png">
      <Filter>Resource Files</Filter>
    </None>
    <None Include="Group-16.png">
      <Filter>Resource Files</Filter>
    </None>
    <None Include="Group-2.png">
      <Filter>Resource Files</Filter>
    </None>
    <None Include="JostSemi-Regular.otf">
      <Filter>Resource Files</Filter>
    </None>
    <None Include="Vector-Union-2.png">
      <Filter>Resource Files</Filter>
    </None>
    <None Include="icons8_lock_2.png">
      <Filter>Resource Files</Filter>
    </None>
    <None Include="icons8_lock_21.png">
      <Filter>Resource Files</Filter>
    </None>
    <None Include="k2vr-logo.png">
      <Filter>Resource Files</Filter>
    </None>
    <None Include="kMainWindow.qml">
      <Filter>Resource Files</Filter>
    </None>
    <QtRcc Include="resources.qrc">
      <Filter>Resource Files</Filter>
    </QtRcc>
  </ItemGroup>
  <ItemGroup>
    <QtMoc Include="overlaycontroller.h">
      <Filter>Overlay Files</Filter>
    </QtMoc>
  </ItemGroup>
</Project>